
Microsoft Visual Studio Solution File, Format Version 12.00
# Visual Studio Version 17
VisualStudioVersion = 17.13.35913.81
MinimumVisualStudioVersion = 10.0.40219.1
Project("{2150E333-8FDC-42A3-9474-1A3956D46DE8}") = "01", "01", "{02EA681E-C7D8-13C7-8484-4AC65E1B71E8}"
EndProject
Project("{FAE04EC0-301F-11D3-BF4B-00C04F79EFBC}") = "Ejercicio01.Entidades", "Ejercicio01.Entidades\Ejercicio01.Entidades.csproj", "{6D7BDA57-B3D2-4D58-8A62-159E28F16084}"
EndProject
Project("{FAE04EC0-301F-11D3-BF4B-00C04F79EFBC}") = "Ejercicio01.Consola", "Ejercicio01.Consola\Ejercicio01.Consola.csproj", "{037541FA-C484-42CD-96F7-3CD816D1CF93}"
EndProject
Project("{FAE04EC0-301F-11D3-BF4B-00C04F79EFBC}") = "Poo01.Test", "Poo01.Test\Poo01.Test.csproj", "{A05C9812-1ABC-419B-9387-5074107929A7}"
EndProject
Project("{2150E333-8FDC-42A3-9474-1A3956D46DE8}") = "02", "02", "{AD3F258F-BA7C-480C-9BDE-D64C65CECAA4}"
EndProject
Project("{FAE04EC0-301F-11D3-BF4B-00C04F79EFBC}") = "Poo02.Entidades", "Poo02.Entidades\Poo02.Entidades.csproj", "{734CA805-DCFC-4757-B48C-649EF733A6D4}"
EndProject
Project("{FAE04EC0-301F-11D3-BF4B-00C04F79EFBC}") = "Poo02.Consola", "Poo02.Consola\Poo02.Consola.csproj", "{FF47EA07-B100-42DC-800A-E96324D3BB35}"
EndProject
Project("{FAE04EC0-301F-11D3-BF4B-00C04F79EFBC}") = "Poo02.Windows", "Poo02.Windows\Poo02.Windows.csproj", "{6ED0450A-BD5D-4BD6-80DB-E5686B9C883D}"
EndProject
Project("{2150E333-8FDC-42A3-9474-1A3956D46DE8}") = "03", "03", "{0B475A7E-96A1-4CC1-A71E-81E9CDBD0C7D}"
EndProject
Project("{FAE04EC0-301F-11D3-BF4B-00C04F79EFBC}") = "Poo03.Entidades", "Poo03.Entidades\Poo03.Entidades.csproj", "{C2371C8F-3A48-4824-B66F-9E7613A7F141}"
EndProject
Project("{FAE04EC0-301F-11D3-BF4B-00C04F79EFBC}") = "Poo03.Test", "Poo03.Test\Poo03.Test.csproj", "{2349C601-10BA-4510-BE15-4A5C50096794}"
EndProject
Project("{FAE04EC0-301F-11D3-BF4B-00C04F79EFBC}") = "Poo03.Consola", "Poo03.Consola\Poo03.Consola.csproj", "{8ECF7DA2-5091-45A7-84F0-16CBC25D68AE}"
EndProject
Project("{2150E333-8FDC-42A3-9474-1A3956D46DE8}") = "03A", "03A", "{6291DFBE-8EC2-4533-A439-32110B20A2FB}"
EndProject
Project("{FAE04EC0-301F-11D3-BF4B-00C04F79EFBC}") = "Poo03A.Entidades", "Poo03A.Entidades\Poo03A.Entidades.csproj", "{92414EDE-29B2-4E9D-84D3-E5973557D1EB}"
EndProject
Project("{FAE04EC0-301F-11D3-BF4B-00C04F79EFBC}") = "Poo03A.Consola", "Poo03A.Consola\Poo03A.Consola.csproj", "{3C30D94A-82D4-4995-BE3A-30005F4424DA}"
EndProject
Project("{2150E333-8FDC-42A3-9474-1A3956D46DE8}") = "03B", "03B", "{A005F2A0-D8FA-48DB-B0CC-E7AC1C17272D}"
EndProject
Project("{FAE04EC0-301F-11D3-BF4B-00C04F79EFBC}") = "Poo03B.Consola", "Poo03B.Consola\Poo03B.Consola.csproj", "{583C0B73-2450-47E2-9753-7779E210E3ED}"
EndProject
Project("{FAE04EC0-301F-11D3-BF4B-00C04F79EFBC}") = "Poo03B.Entidades", "Poo03B.Entidades\Poo03B.Entidades.csproj", "{6C48C1B4-6349-44B3-AF9A-C1F071FFDF9C}"
EndProject
Project("{2150E333-8FDC-42A3-9474-1A3956D46DE8}") = "04", "04", "{F69196AB-4802-46E6-BC16-466F63903743}"
EndProject
Project("{FAE04EC0-301F-11D3-BF4B-00C04F79EFBC}") = "Poo04.Consola", "Poo04.Consola\Poo04.Consola.csproj", "{A4CB1A77-C95C-4E27-99DF-CDBD1C5019A5}"
EndProject
Project("{FAE04EC0-301F-11D3-BF4B-00C04F79EFBC}") = "Poo04.Entidades", "Poo04.Entidades\Poo04.Entidades.csproj", "{B15FD56D-9DA0-4A51-B6C1-27672E98A3E9}"
EndProject
Global
	GlobalSection(SolutionConfigurationPlatforms) = preSolution
		Debug|Any CPU = Debug|Any CPU
		Release|Any CPU = Release|Any CPU
	EndGlobalSection
	GlobalSection(ProjectConfigurationPlatforms) = postSolution
		{6D7BDA57-B3D2-4D58-8A62-159E28F16084}.Debug|Any CPU.ActiveCfg = Debug|Any CPU
		{6D7BDA57-B3D2-4D58-8A62-159E28F16084}.Debug|Any CPU.Build.0 = Debug|Any CPU
		{6D7BDA57-B3D2-4D58-8A62-159E28F16084}.Release|Any CPU.ActiveCfg = Release|Any CPU
		{6D7BDA57-B3D2-4D58-8A62-159E28F16084}.Release|Any CPU.Build.0 = Release|Any CPU
		{037541FA-C484-42CD-96F7-3CD816D1CF93}.Debug|Any CPU.ActiveCfg = Debug|Any CPU
		{037541FA-C484-42CD-96F7-3CD816D1CF93}.Debug|Any CPU.Build.0 = Debug|Any CPU
		{037541FA-C484-42CD-96F7-3CD816D1CF93}.Release|Any CPU.ActiveCfg = Release|Any CPU
		{037541FA-C484-42CD-96F7-3CD816D1CF93}.Release|Any CPU.Build.0 = Release|Any CPU
		{A05C9812-1ABC-419B-9387-5074107929A7}.Debug|Any CPU.ActiveCfg = Debug|Any CPU
		{A05C9812-1ABC-419B-9387-5074107929A7}.Debug|Any CPU.Build.0 = Debug|Any CPU
		{A05C9812-1ABC-419B-9387-5074107929A7}.Release|Any CPU.ActiveCfg = Release|Any CPU
		{A05C9812-1ABC-419B-9387-5074107929A7}.Release|Any CPU.Build.0 = Release|Any CPU
		{734CA805-DCFC-4757-B48C-649EF733A6D4}.Debug|Any CPU.ActiveCfg = Debug|Any CPU
		{734CA805-DCFC-4757-B48C-649EF733A6D4}.Debug|Any CPU.Build.0 = Debug|Any CPU
		{734CA805-DCFC-4757-B48C-649EF733A6D4}.Release|Any CPU.ActiveCfg = Release|Any CPU
		{734CA805-DCFC-4757-B48C-649EF733A6D4}.Release|Any CPU.Build.0 = Release|Any CPU
		{FF47EA07-B100-42DC-800A-E96324D3BB35}.Debug|Any CPU.ActiveCfg = Debug|Any CPU
		{FF47EA07-B100-42DC-800A-E96324D3BB35}.Debug|Any CPU.Build.0 = Debug|Any CPU
		{FF47EA07-B100-42DC-800A-E96324D3BB35}.Release|Any CPU.ActiveCfg = Release|Any CPU
		{FF47EA07-B100-42DC-800A-E96324D3BB35}.Release|Any CPU.Build.0 = Release|Any CPU
		{6ED0450A-BD5D-4BD6-80DB-E5686B9C883D}.Debug|Any CPU.ActiveCfg = Debug|Any CPU
		{6ED0450A-BD5D-4BD6-80DB-E5686B9C883D}.Debug|Any CPU.Build.0 = Debug|Any CPU
		{6ED0450A-BD5D-4BD6-80DB-E5686B9C883D}.Release|Any CPU.ActiveCfg = Release|Any CPU
		{6ED0450A-BD5D-4BD6-80DB-E5686B9C883D}.Release|Any CPU.Build.0 = Release|Any CPU
		{C2371C8F-3A48-4824-B66F-9E7613A7F141}.Debug|Any CPU.ActiveCfg = Debug|Any CPU
		{C2371C8F-3A48-4824-B66F-9E7613A7F141}.Debug|Any CPU.Build.0 = Debug|Any CPU
		{C2371C8F-3A48-4824-B66F-9E7613A7F141}.Release|Any CPU.ActiveCfg = Release|Any CPU
		{C2371C8F-3A48-4824-B66F-9E7613A7F141}.Release|Any CPU.Build.0 = Release|Any CPU
		{2349C601-10BA-4510-BE15-4A5C50096794}.Debug|Any CPU.ActiveCfg = Debug|Any CPU
		{2349C601-10BA-4510-BE15-4A5C50096794}.Debug|Any CPU.Build.0 = Debug|Any CPU
		{2349C601-10BA-4510-BE15-4A5C50096794}.Release|Any CPU.ActiveCfg = Release|Any CPU
		{2349C601-10BA-4510-BE15-4A5C50096794}.Release|Any CPU.Build.0 = Release|Any CPU
		{8ECF7DA2-5091-45A7-84F0-16CBC25D68AE}.Debug|Any CPU.ActiveCfg = Debug|Any CPU
		{8ECF7DA2-5091-45A7-84F0-16CBC25D68AE}.Debug|Any CPU.Build.0 = Debug|Any CPU
		{8ECF7DA2-5091-45A7-84F0-16CBC25D68AE}.Release|Any CPU.ActiveCfg = Release|Any CPU
		{8ECF7DA2-5091-45A7-84F0-16CBC25D68AE}.Release|Any CPU.Build.0 = Release|Any CPU
		{92414EDE-29B2-4E9D-84D3-E5973557D1EB}.Debug|Any CPU.ActiveCfg = Debug|Any CPU
		{92414EDE-29B2-4E9D-84D3-E5973557D1EB}.Debug|Any CPU.Build.0 = Debug|Any CPU
		{92414EDE-29B2-4E9D-84D3-E5973557D1EB}.Release|Any CPU.ActiveCfg = Release|Any CPU
		{92414EDE-29B2-4E9D-84D3-E5973557D1EB}.Release|Any CPU.Build.0 = Release|Any CPU
		{3C30D94A-82D4-4995-BE3A-30005F4424DA}.Debug|Any CPU.ActiveCfg = Debug|Any CPU
		{3C30D94A-82D4-4995-BE3A-30005F4424DA}.Debug|Any CPU.Build.0 = Debug|Any CPU
		{3C30D94A-82D4-4995-BE3A-30005F4424DA}.Release|Any CPU.ActiveCfg = Release|Any CPU
		{3C30D94A-82D4-4995-BE3A-30005F4424DA}.Release|Any CPU.Build.0 = Release|Any CPU
		{583C0B73-2450-47E2-9753-7779E210E3ED}.Debug|Any CPU.ActiveCfg = Debug|Any CPU
		{583C0B73-2450-47E2-9753-7779E210E3ED}.Debug|Any CPU.Build.0 = Debug|Any CPU
		{583C0B73-2450-47E2-9753-7779E210E3ED}.Release|Any CPU.ActiveCfg = Release|Any CPU
		{583C0B73-2450-47E2-9753-7779E210E3ED}.Release|Any CPU.Build.0 = Release|Any CPU
		{6C48C1B4-6349-44B3-AF9A-C1F071FFDF9C}.Debug|Any CPU.ActiveCfg = Debug|Any CPU
		{6C48C1B4-6349-44B3-AF9A-C1F071FFDF9C}.Debug|Any CPU.Build.0 = Debug|Any CPU
		{6C48C1B4-6349-44B3-AF9A-C1F071FFDF9C}.Release|Any CPU.ActiveCfg = Release|Any CPU
		{6C48C1B4-6349-44B3-AF9A-C1F071FFDF9C}.Release|Any CPU.Build.0 = Release|Any CPU
		{A4CB1A77-C95C-4E27-99DF-CDBD1C5019A5}.Debug|Any CPU.ActiveCfg = Debug|Any CPU
		{A4CB1A77-C95C-4E27-99DF-CDBD1C5019A5}.Debug|Any CPU.Build.0 = Debug|Any CPU
		{A4CB1A77-C95C-4E27-99DF-CDBD1C5019A5}.Release|Any CPU.ActiveCfg = Release|Any CPU
		{A4CB1A77-C95C-4E27-99DF-CDBD1C5019A5}.Release|Any CPU.Build.0 = Release|Any CPU
		{B15FD56D-9DA0-4A51-B6C1-27672E98A3E9}.Debug|Any CPU.ActiveCfg = Debug|Any CPU
		{B15FD56D-9DA0-4A51-B6C1-27672E98A3E9}.Debug|Any CPU.Build.0 = Debug|Any CPU
		{B15FD56D-9DA0-4A51-B6C1-27672E98A3E9}.Release|Any CPU.ActiveCfg = Release|Any CPU
		{B15FD56D-9DA0-4A51-B6C1-27672E98A3E9}.Release|Any CPU.Build.0 = Release|Any CPU
	EndGlobalSection
	GlobalSection(SolutionProperties) = preSolution
		HideSolutionNode = FALSE
	EndGlobalSection
	GlobalSection(NestedProjects) = preSolution
		{6D7BDA57-B3D2-4D58-8A62-159E28F16084} = {02EA681E-C7D8-13C7-8484-4AC65E1B71E8}
		{037541FA-C484-42CD-96F7-3CD816D1CF93} = {02EA681E-C7D8-13C7-8484-4AC65E1B71E8}
		{A05C9812-1ABC-419B-9387-5074107929A7} = {02EA681E-C7D8-13C7-8484-4AC65E1B71E8}
		{734CA805-DCFC-4757-B48C-649EF733A6D4} = {AD3F258F-BA7C-480C-9BDE-D64C65CECAA4}
		{FF47EA07-B100-42DC-800A-E96324D3BB35} = {AD3F258F-BA7C-480C-9BDE-D64C65CECAA4}
		{6ED0450A-BD5D-4BD6-80DB-E5686B9C883D} = {AD3F258F-BA7C-480C-9BDE-D64C65CECAA4}
		{C2371C8F-3A48-4824-B66F-9E7613A7F141} = {0B475A7E-96A1-4CC1-A71E-81E9CDBD0C7D}
		{2349C601-10BA-4510-BE15-4A5C50096794} = {0B475A7E-96A1-4CC1-A71E-81E9CDBD0C7D}
		{8ECF7DA2-5091-45A7-84F0-16CBC25D68AE} = {0B475A7E-96A1-4CC1-A71E-81E9CDBD0C7D}
		{92414EDE-29B2-4E9D-84D3-E5973557D1EB} = {6291DFBE-8EC2-4533-A439-32110B20A2FB}
		{3C30D94A-82D4-4995-BE3A-30005F4424DA} = {6291DFBE-8EC2-4533-A439-32110B20A2FB}
		{583C0B73-2450-47E2-9753-7779E210E3ED} = {A005F2A0-D8FA-48DB-B0CC-E7AC1C17272D}
		{6C48C1B4-6349-44B3-AF9A-C1F071FFDF9C} = {A005F2A0-D8FA-48DB-B0CC-E7AC1C17272D}
		{A4CB1A77-C95C-4E27-99DF-CDBD1C5019A5} = {F69196AB-4802-46E6-BC16-466F63903743}
		{B15FD56D-9DA0-4A51-B6C1-27672E98A3E9} = {F69196AB-4802-46E6-BC16-466F63903743}
	EndGlobalSection
	GlobalSection(ExtensibilityGlobals) = postSolution
		SolutionGuid = {26102FAA-0E18-4658-95BE-64031982F357}
	EndGlobalSection
EndGlobal
